
Microsoft Visual Studio Solution File, Format Version 12.00
# Visual Studio Version 16
VisualStudioVersion = 16.0.31313.79
MinimumVisualStudioVersion = 10.0.40219.1
Project("{FAE04EC0-301F-11D3-BF4B-00C04F79EFBC}") = "API_TranslateApp", "API_TranslateApp\API_TranslateApp.csproj", "{C8CAE4CE-E5D4-4B96-8976-1B259BF4F2B6}"
EndProject
Global
	GlobalSection(SolutionConfigurationPlatforms) = preSolution
		Debug|Any CPU = Debug|Any CPU
		Release|Any CPU = Release|Any CPU
	EndGlobalSection
	GlobalSection(ProjectConfigurationPlatforms) = postSolution
		{C8CAE4CE-E5D4-4B96-8976-1B259BF4F2B6}.Debug|Any CPU.ActiveCfg = Debug|Any CPU
		{C8CAE4CE-E5D4-4B96-8976-1B259BF4F2B6}.Debug|Any CPU.Build.0 = Debug|Any CPU
		{C8CAE4CE-E5D4-4B96-8976-1B259BF4F2B6}.Release|Any CPU.ActiveCfg = Release|Any CPU
		{C8CAE4CE-E5D4-4B96-8976-1B259BF4F2B6}.Release|Any CPU.Build.0 = Release|Any CPU
	EndGlobalSection
	GlobalSection(SolutionProperties) = preSolution
		HideSolutionNode = FALSE
	EndGlobalSection
	GlobalSection(ExtensibilityGlobals) = postSolution
		SolutionGuid = {31DC3A23-3097-4C37-BB3A-34366F9CF017}
	EndGlobalSection
EndGlobal
